// !$*UTF8*$!
{
	archiveVersion = 1;
	classes = {
	};
	objectVersion = 50;
	objects = {

/* Begin PBXBuildFile section */
		6B31CFC52326FF7200C76E6B /* AppDelegate.swift in Sources */ = {isa = PBXBuildFile; fileRef = 6B31CFC42326FF7200C76E6B /* AppDelegate.swift */; };
		6B31CFC72326FF7200C76E6B /* ViewController.swift in Sources */ = {isa = PBXBuildFile; fileRef = 6B31CFC62326FF7200C76E6B /* ViewController.swift */; };
		6B31CFCA2326FF7200C76E6B /* Main.storyboard in Resources */ = {isa = PBXBuildFile; fileRef = 6B31CFC82326FF7200C76E6B /* Main.storyboard */; };
		6B31CFCC2326FF7300C76E6B /* Assets.xcassets in Resources */ = {isa = PBXBuildFile; fileRef = 6B31CFCB2326FF7300C76E6B /* Assets.xcassets */; };
		6B31CFCF2326FF7300C76E6B /* LaunchScreen.storyboard in Resources */ = {isa = PBXBuildFile; fileRef = 6B31CFCD2326FF7300C76E6B /* LaunchScreen.storyboard */; };
		6B31CFDA2326FF7400C76E6B /* Reese_sTests.swift in Sources */ = {isa = PBXBuildFile; fileRef = 6B31CFD92326FF7400C76E6B /* Reese_sTests.swift */; };
		6B31CFE52326FF7400C76E6B /* Reese_sUITests.swift in Sources */ = {isa = PBXBuildFile; fileRef = 6B31CFE42326FF7400C76E6B /* Reese_sUITests.swift */; };
/* End PBXBuildFile section */

/* Begin PBXContainerItemProxy section */
		6B31CFD62326FF7400C76E6B /* PBXContainerItemProxy */ = {
			isa = PBXContainerItemProxy;
			containerPortal = 6B31CFB92326FF7200C76E6B /* Project object */;
			proxyType = 1;
			remoteGlobalIDString = 6B31CFC02326FF7200C76E6B;
			remoteInfo = "Reese's";
		};
		6B31CFE12326FF7400C76E6B /* PBXContainerItemProxy */ = {
			isa = PBXContainerItemProxy;
			containerPortal = 6B31CFB92326FF7200C76E6B /* Project object */;
			proxyType = 1;
			remoteGlobalIDString = 6B31CFC02326FF7200C76E6B;
			remoteInfo = "Reese's";
		};
/* End PBXContainerItemProxy section */

/* Begin PBXFileReference section */
		6B31CFC12326FF7200C76E6B /* Reese's.app */ = {isa = PBXFileReference; explicitFileType = wrapper.application; includeInIndex = 0; path = "Reese's.app"; sourceTree = BUILT_PRODUCTS_DIR; };
		6B31CFC42326FF7200C76E6B /* AppDelegate.swift */ = {isa = PBXFileReference; lastKnownFileType = sourcecode.swift; path = AppDelegate.swift; sourceTree = "<group>"; };
		6B31CFC62326FF7200C76E6B /* ViewController.swift */ = {isa = PBXFileReference; lastKnownFileType = sourcecode.swift; path = ViewController.swift; sourceTree = "<group>"; };
		6B31CFC92326FF7200C76E6B /* Base */ = {isa = PBXFileReference; lastKnownFileType = file.storyboard; name = Base; path = Base.lproj/Main.storyboard; sourceTree = "<group>"; };
		6B31CFCB2326FF7300C76E6B /* Assets.xcassets */ = {isa = PBXFileReference; lastKnownFileType = folder.assetcatalog; path = Assets.xcassets; sourceTree = "<group>"; };
		6B31CFCE2326FF7300C76E6B /* Base */ = {isa = PBXFileReference; lastKnownFileType = file.storyboard; name = Base; path = Base.lproj/LaunchScreen.storyboard; sourceTree = "<group>"; };
		6B31CFD02326FF7300C76E6B /* Info.plist */ = {isa = PBXFileReference; lastKnownFileType = text.plist.xml; path = Info.plist; sourceTree = "<group>"; };
		6B31CFD52326FF7300C76E6B /* Reese'sTests.xctest */ = {isa = PBXFileReference; explicitFileType = wrapper.cfbundle; includeInIndex = 0; path = "Reese'sTests.xctest"; sourceTree = BUILT_PRODUCTS_DIR; };
		6B31CFD92326FF7400C76E6B /* Reese_sTests.swift */ = {isa = PBXFileReference; lastKnownFileType = sourcecode.swift; path = Reese_sTests.swift; sourceTree = "<group>"; };
		6B31CFDB2326FF7400C76E6B /* Info.plist */ = {isa = PBXFileReference; lastKnownFileType = text.plist.xml; path = Info.plist; sourceTree = "<group>"; };
		6B31CFE02326FF7400C76E6B /* Reese'sUITests.xctest */ = {isa = PBXFileReference; explicitFileType = wrapper.cfbundle; includeInIndex = 0; path = "Reese'sUITests.xctest"; sourceTree = BUILT_PRODUCTS_DIR; };
		6B31CFE42326FF7400C76E6B /* Reese_sUITests.swift */ = {isa = PBXFileReference; lastKnownFileType = sourcecode.swift; path = Reese_sUITests.swift; sourceTree = "<group>"; };
		6B31CFE62326FF7400C76E6B /* Info.plist */ = {isa = PBXFileReference; lastKnownFileType = text.plist.xml; path = Info.plist; sourceTree = "<group>"; };
/* End PBXFileReference section */

/* Begin PBXFrameworksBuildPhase section */
		6B31CFBE2326FF7200C76E6B /* Frameworks */ = {
			isa = PBXFrameworksBuildPhase;
			buildActionMask = 2147483647;
			files = (
			);
			runOnlyForDeploymentPostprocessing = 0;
		};
		6B31CFD22326FF7300C76E6B /* Frameworks */ = {
			isa = PBXFrameworksBuildPhase;
			buildActionMask = 2147483647;
			files = (
			);
			runOnlyForDeploymentPostprocessing = 0;
		};
		6B31CFDD2326FF7400C76E6B /* Frameworks */ = {
			isa = PBXFrameworksBuildPhase;
			buildActionMask = 2147483647;
			files = (
			);
			runOnlyForDeploymentPostprocessing = 0;
		};
/* End PBXFrameworksBuildPhase section */

/* Begin PBXGroup section */
		6B31CFB82326FF7200C76E6B = {
			isa = PBXGroup;
			children = (
				6B31CFC32326FF7200C76E6B /* Reese's */,
				6B31CFD82326FF7400C76E6B /* Reese'sTests */,
				6B31CFE32326FF7400C76E6B /* Reese'sUITests */,
				6B31CFC22326FF7200C76E6B /* Products */,
			);
			sourceTree = "<group>";
		};
		6B31CFC22326FF7200C76E6B /* Products */ = {
			isa = PBXGroup;
			children = (
				6B31CFC12326FF7200C76E6B /* Reese's.app */,
				6B31CFD52326FF7300C76E6B /* Reese'sTests.xctest */,
				6B31CFE02326FF7400C76E6B /* Reese'sUITests.xctest */,
			);
			name = Products;
			sourceTree = "<group>";
		};
		6B31CFC32326FF7200C76E6B /* Reese's */ = {
			isa = PBXGroup;
			children = (
				6B31CFC42326FF7200C76E6B /* AppDelegate.swift */,
				6B31CFC62326FF7200C76E6B /* ViewController.swift */,
				6B31CFC82326FF7200C76E6B /* Main.storyboard */,
				6B31CFCB2326FF7300C76E6B /* Assets.xcassets */,
				6B31CFCD2326FF7300C76E6B /* LaunchScreen.storyboard */,
				6B31CFD02326FF7300C76E6B /* Info.plist */,
			);
			path = "Reese's";
			sourceTree = "<group>";
		};
		6B31CFD82326FF7400C76E6B /* Reese'sTests */ = {
			isa = PBXGroup;
			children = (
				6B31CFD92326FF7400C76E6B /* Reese_sTests.swift */,
				6B31CFDB2326FF7400C76E6B /* Info.plist */,
			);
			path = "Reese'sTests";
			sourceTree = "<group>";
		};
		6B31CFE32326FF7400C76E6B /* Reese'sUITests */ = {
			isa = PBXGroup;
			children = (
				6B31CFE42326FF7400C76E6B /* Reese_sUITests.swift */,
				6B31CFE62326FF7400C76E6B /* Info.plist */,
			);
			path = "Reese'sUITests";
			sourceTree = "<group>";
		};
/* End PBXGroup section */

/* Begin PBXNativeTarget section */
		6B31CFC02326FF7200C76E6B /* Reese's */ = {
			isa = PBXNativeTarget;
			buildConfigurationList = 6B31CFE92326FF7400C76E6B /* Build configuration list for PBXNativeTarget "Reese's" */;
			buildPhases = (
				6B31CFBD2326FF7200C76E6B /* Sources */,
				6B31CFBE2326FF7200C76E6B /* Frameworks */,
				6B31CFBF2326FF7200C76E6B /* Resources */,
			);
			buildRules = (
			);
			dependencies = (
			);
			name = "Reese's";
			productName = "Reese's";
			productReference = 6B31CFC12326FF7200C76E6B /* Reese's.app */;
			productType = "com.apple.product-type.application";
		};
		6B31CFD42326FF7300C76E6B /* Reese'sTests */ = {
			isa = PBXNativeTarget;
			buildConfigurationList = 6B31CFEC2326FF7400C76E6B /* Build configuration list for PBXNativeTarget "Reese'sTests" */;
			buildPhases = (
				6B31CFD12326FF7300C76E6B /* Sources */,
				6B31CFD22326FF7300C76E6B /* Frameworks */,
				6B31CFD32326FF7300C76E6B /* Resources */,
			);
			buildRules = (
			);
			dependencies = (
				6B31CFD72326FF7400C76E6B /* PBXTargetDependency */,
			);
			name = "Reese'sTests";
			productName = "Reese'sTests";
			productReference = 6B31CFD52326FF7300C76E6B /* Reese'sTests.xctest */;
			productType = "com.apple.product-type.bundle.unit-test";
		};
		6B31CFDF2326FF7400C76E6B /* Reese'sUITests */ = {
			isa = PBXNativeTarget;
			buildConfigurationList = 6B31CFEF2326FF7400C76E6B /* Build configuration list for PBXNativeTarget "Reese'sUITests" */;
			buildPhases = (
				6B31CFDC2326FF7400C76E6B /* Sources */,
				6B31CFDD2326FF7400C76E6B /* Frameworks */,
				6B31CFDE2326FF7400C76E6B /* Resources */,
			);
			buildRules = (
			);
			dependencies = (
				6B31CFE22326FF7400C76E6B /* PBXTargetDependency */,
			);
			name = "Reese'sUITests";
			productName = "Reese'sUITests";
			productReference = 6B31CFE02326FF7400C76E6B /* Reese'sUITests.xctest */;
			productType = "com.apple.product-type.bundle.ui-testing";
		};
/* End PBXNativeTarget section */

/* Begin PBXProject section */
		6B31CFB92326FF7200C76E6B /* Project object */ = {
			isa = PBXProject;
			attributes = {
				LastSwiftUpdateCheck = 1030;
				LastUpgradeCheck = 1030;
				ORGANIZATIONNAME = "Yinzhe Ma";
				TargetAttributes = {
					6B31CFC02326FF7200C76E6B = {
						CreatedOnToolsVersion = 10.3;
					};
					6B31CFD42326FF7300C76E6B = {
						CreatedOnToolsVersion = 10.3;
						TestTargetID = 6B31CFC02326FF7200C76E6B;
					};
					6B31CFDF2326FF7400C76E6B = {
						CreatedOnToolsVersion = 10.3;
						TestTargetID = 6B31CFC02326FF7200C76E6B;
					};
				};
			};
			buildConfigurationList = 6B31CFBC2326FF7200C76E6B /* Build configuration list for PBXProject "Reese's" */;
			compatibilityVersion = "Xcode 9.3";
			developmentRegion = en;
			hasScannedForEncodings = 0;
			knownRegions = (
				en,
				Base,
			);
			mainGroup = 6B31CFB82326FF7200C76E6B;
			productRefGroup = 6B31CFC22326FF7200C76E6B /* Products */;
			projectDirPath = "";
			projectRoot = "";
			targets = (
				6B31CFC02326FF7200C76E6B /* Reese's */,
				6B31CFD42326FF7300C76E6B /* Reese'sTests */,
				6B31CFDF2326FF7400C76E6B /* Reese'sUITests */,
			);
		};
/* End PBXProject section */

/* Begin PBXResourcesBuildPhase section */
		6B31CFBF2326FF7200C76E6B /* Resources */ = {
			isa = PBXResourcesBuildPhase;
			buildActionMask = 2147483647;
			files = (
				6B31CFCF2326FF7300C76E6B /* LaunchScreen.storyboard in Resources */,
				6B31CFCC2326FF7300C76E6B /* Assets.xcassets in Resources */,
				6B31CFCA2326FF7200C76E6B /* Main.storyboard in Resources */,
			);
			runOnlyForDeploymentPostprocessing = 0;
		};
		6B31CFD32326FF7300C76E6B /* Resources */ = {
			isa = PBXResourcesBuildPhase;
			buildActionMask = 2147483647;
			files = (
			);
			runOnlyForDeploymentPostprocessing = 0;
		};
		6B31CFDE2326FF7400C76E6B /* Resources */ = {
			isa = PBXResourcesBuildPhase;
			buildActionMask = 2147483647;
			files = (
			);
			runOnlyForDeploymentPostprocessing = 0;
		};
/* End PBXResourcesBuildPhase section */

/* Begin PBXSourcesBuildPhase section */
		6B31CFBD2326FF7200C76E6B /* Sources */ = {
			isa = PBXSourcesBuildPhase;
			buildActionMask = 2147483647;
			files = (
				6B31CFC72326FF7200C76E6B /* ViewController.swift in Sources */,
				6B31CFC52326FF7200C76E6B /* AppDelegate.swift in Sources */,
			);
			runOnlyForDeploymentPostprocessing = 0;
		};
		6B31CFD12326FF7300C76E6B /* Sources */ = {
			isa = PBXSourcesBuildPhase;
			buildActionMask = 2147483647;
			files = (
				6B31CFDA2326FF7400C76E6B /* Reese_sTests.swift in Sources */,
			);
			runOnlyForDeploymentPostprocessing = 0;
		};
		6B31CFDC2326FF7400C76E6B /* Sources */ = {
			isa = PBXSourcesBuildPhase;
			buildActionMask = 2147483647;
			files = (
				6B31CFE52326FF7400C76E6B /* Reese_sUITests.swift in Sources */,
			);
			runOnlyForDeploymentPostprocessing = 0;
		};
/* End PBXSourcesBuildPhase section */

/* Begin PBXTargetDependency section */
		6B31CFD72326FF7400C76E6B /* PBXTargetDependency */ = {
			isa = PBXTargetDependency;
			target = 6B31CFC02326FF7200C76E6B /* Reese's */;
			targetProxy = 6B31CFD62326FF7400C76E6B /* PBXContainerItemProxy */;
		};
		6B31CFE22326FF7400C76E6B /* PBXTargetDependency */ = {
			isa = PBXTargetDependency;
			target = 6B31CFC02326FF7200C76E6B /* Reese's */;
			targetProxy = 6B31CFE12326FF7400C76E6B /* PBXContainerItemProxy */;
		};
/* End PBXTargetDependency section */

/* Begin PBXVariantGroup section */
		6B31CFC82326FF7200C76E6B /* Main.storyboard */ = {
			isa = PBXVariantGroup;
			children = (
				6B31CFC92326FF7200C76E6B /* Base */,
			);
			name = Main.storyboard;
			sourceTree = "<group>";
		};
		6B31CFCD2326FF7300C76E6B /* LaunchScreen.storyboard */ = {
			isa = PBXVariantGroup;
			children = (
				6B31CFCE2326FF7300C76E6B /* Base */,
			);
			name = LaunchScreen.storyboard;
			sourceTree = "<group>";
		};
/* End PBXVariantGroup section */

/* Begin XCBuildConfiguration section */
		6B31CFE72326FF7400C76E6B /* Debug */ = {
			isa = XCBuildConfiguration;
			buildSettings = {
				ALWAYS_SEARCH_USER_PATHS = NO;
				CLANG_ANALYZER_NONNULL = YES;
				CLANG_ANALYZER_NUMBER_OBJECT_CONVERSION = YES_AGGRESSIVE;
				CLANG_CXX_LANGUAGE_STANDARD = "gnu++14";
				CLANG_CXX_LIBRARY = "libc++";
				CLANG_ENABLE_MODULES = YES;
				CLANG_ENABLE_OBJC_ARC = YES;
				CLANG_ENABLE_OBJC_WEAK = YES;
				CLANG_WARN_BLOCK_CAPTURE_AUTORELEASING = YES;
				CLANG_WARN_BOOL_CONVERSION = YES;
				CLANG_WARN_COMMA = YES;
				CLANG_WARN_CONSTANT_CONVERSION = YES;
				CLANG_WARN_DEPRECATED_OBJC_IMPLEMENTATIONS = YES;
				CLANG_WARN_DIRECT_OBJC_ISA_USAGE = YES_ERROR;
				CLANG_WARN_DOCUMENTATION_COMMENTS = YES;
				CLANG_WARN_EMPTY_BODY = YES;
				CLANG_WARN_ENUM_CONVERSION = YES;
				CLANG_WARN_INFINITE_RECURSION = YES;
				CLANG_WARN_INT_CONVERSION = YES;
				CLANG_WARN_NON_LITERAL_NULL_CONVERSION = YES;
				CLANG_WARN_OBJC_IMPLICIT_RETAIN_SELF = YES;
				CLANG_WARN_OBJC_LITERAL_CONVERSION = YES;
				CLANG_WARN_OBJC_ROOT_CLASS = YES_ERROR;
				CLANG_WARN_RANGE_LOOP_ANALYSIS = YES;
				CLANG_WARN_STRICT_PROTOTYPES = YES;
				CLANG_WARN_SUSPICIOUS_MOVE = YES;
				CLANG_WARN_UNGUARDED_AVAILABILITY = YES_AGGRESSIVE;
				CLANG_WARN_UNREACHABLE_CODE = YES;
				CLANG_WARN__DUPLICATE_METHOD_MATCH = YES;
				CODE_SIGN_IDENTITY = "iPhone Developer";
				COPY_PHASE_STRIP = NO;
				DEBUG_INFORMATION_FORMAT = dwarf;
				ENABLE_STRICT_OBJC_MSGSEND = YES;
				ENABLE_TESTABILITY = YES;
				GCC_C_LANGUAGE_STANDARD = gnu11;
				GCC_DYNAMIC_NO_PIC = NO;
				GCC_NO_COMMON_BLOCKS = YES;
				GCC_OPTIMIZATION_LEVEL = 0;
				GCC_PREPROCESSOR_DEFINITIONS = (
					"DEBUG=1",
					"$(inherited)",
				);
				GCC_WARN_64_TO_32_BIT_CONVERSION = YES;
				GCC_WARN_ABOUT_RETURN_TYPE = YES_ERROR;
				GCC_WARN_UNDECLARED_SELECTOR = YES;
				GCC_WARN_UNINITIALIZED_AUTOS = YES_AGGRESSIVE;
				GCC_WARN_UNUSED_FUNCTION = YES;
				GCC_WARN_UNUSED_VARIABLE = YES;
				IPHONEOS_DEPLOYMENT_TARGET = 12.4;
				MTL_ENABLE_DEBUG_INFO = INCLUDE_SOURCE;
				MTL_FAST_MATH = YES;
				ONLY_ACTIVE_ARCH = YES;
				SDKROOT = iphoneos;
				SWIFT_ACTIVE_COMPILATION_CONDITIONS = DEBUG;
				SWIFT_OPTIMIZATION_LEVEL = "-Onone";
			};
			name = Debug;
		};
		6B31CFE82326FF7400C76E6B /* Release */ = {
			isa = XCBuildConfiguration;
			buildSettings = {
				ALWAYS_SEARCH_USER_PATHS = NO;
				CLANG_ANALYZER_NONNULL = YES;
				CLANG_ANALYZER_NUMBER_OBJECT_CONVERSION = YES_AGGRESSIVE;
				CLANG_CXX_LANGUAGE_STANDARD = "gnu++14";
				CLANG_CXX_LIBRARY = "libc++";
				CLANG_ENABLE_MODULES = YES;
				CLANG_ENABLE_OBJC_ARC = YES;
				CLANG_ENABLE_OBJC_WEAK = YES;
				CLANG_WARN_BLOCK_CAPTURE_AUTORELEASING = YES;
				CLANG_WARN_BOOL_CONVERSION = YES;
				CLANG_WARN_COMMA = YES;
				CLANG_WARN_CONSTANT_CONVERSION = YES;
				CLANG_WARN_DEPRECATED_OBJC_IMPLEMENTATIONS = YES;
				CLANG_WARN_DIRECT_OBJC_ISA_USAGE = YES_ERROR;
				CLANG_WARN_DOCUMENTATION_COMMENTS = YES;
				CLANG_WARN_EMPTY_BODY = YES;
				CLANG_WARN_ENUM_CONVERSION = YES;
				CLANG_WARN_INFINITE_RECURSION = YES;
				CLANG_WARN_INT_CONVERSION = YES;
				CLANG_WARN_NON_LITERAL_NULL_CONVERSION = YES;
				CLANG_WARN_OBJC_IMPLICIT_RETAIN_SELF = YES;
				CLANG_WARN_OBJC_LITERAL_CONVERSION = YES;
				CLANG_WARN_OBJC_ROOT_CLASS = YES_ERROR;
				CLANG_WARN_RANGE_LOOP_ANALYSIS = YES;
				CLANG_WARN_STRICT_PROTOTYPES = YES;
				CLANG_WARN_SUSPICIOUS_MOVE = YES;
				CLANG_WARN_UNGUARDED_AVAILABILITY = YES_AGGRESSIVE;
				CLANG_WARN_UNREACHABLE_CODE = YES;
				CLANG_WARN__DUPLICATE_METHOD_MATCH = YES;
				CODE_SIGN_IDENTITY = "iPhone Developer";
				COPY_PHASE_STRIP = NO;
				DEBUG_INFORMATION_FORMAT = "dwarf-with-dsym";
				ENABLE_NS_ASSERTIONS = NO;
				ENABLE_STRICT_OBJC_MSGSEND = YES;
				GCC_C_LANGUAGE_STANDARD = gnu11;
				GCC_NO_COMMON_BLOCKS = YES;
				GCC_WARN_64_TO_32_BIT_CONVERSION = YES;
				GCC_WARN_ABOUT_RETURN_TYPE = YES_ERROR;
				GCC_WARN_UNDECLARED_SELECTOR = YES;
				GCC_WARN_UNINITIALIZED_AUTOS = YES_AGGRESSIVE;
				GCC_WARN_UNUSED_FUNCTION = YES;
				GCC_WARN_UNUSED_VARIABLE = YES;
				IPHONEOS_DEPLOYMENT_TARGET = 12.4;
				MTL_ENABLE_DEBUG_INFO = NO;
				MTL_FAST_MATH = YES;
				SDKROOT = iphoneos;
				SWIFT_COMPILATION_MODE = wholemodule;
				SWIFT_OPTIMIZATION_LEVEL = "-O";
				VALIDATE_PRODUCT = YES;
			};
			name = Release;
		};
		6B31CFEA2326FF7400C76E6B /* Debug */ = {
			isa = XCBuildConfiguration;
			buildSettings = {
				ASSETCATALOG_COMPILER_APPICON_NAME = AppIcon;
				CODE_SIGN_STYLE = Automatic;
				DEVELOPMENT_TEAM = NPLWZ8759G;
				INFOPLIST_FILE = "Reese's/Info.plist";
				LD_RUNPATH_SEARCH_PATHS = (
					"$(inherited)",
					"@executable_path/Frameworks",
				);
				PRODUCT_BUNDLE_IDENTIFIER = "com.yinzhema.Reese-s";
				PRODUCT_NAME = "$(TARGET_NAME)";
				SWIFT_VERSION = 5.0;
				TARGETED_DEVICE_FAMILY = "1,2";
			};
			name = Debug;
		};
		6B31CFEB2326FF7400C76E6B /* Release */ = {
			isa = XCBuildConfiguration;
			buildSettings = {
				ASSETCATALOG_COMPILER_APPICON_NAME = AppIcon;
				CODE_SIGN_STYLE = Automatic;
				DEVELOPMENT_TEAM = NPLWZ8759G;
				INFOPLIST_FILE = "Reese's/Info.plist";
				LD_RUNPATH_SEARCH_PATHS = (
					"$(inherited)",
					"@executable_path/Frameworks",
				);
				PRODUCT_BUNDLE_IDENTIFIER = "com.yinzhema.Reese-s";
				PRODUCT_NAME = "$(TARGET_NAME)";
				SWIFT_VERSION = 5.0;
				TARGETED_DEVICE_FAMILY = "1,2";
			};
			name = Release;
		};
		6B31CFED2326FF7400C76E6B /* Debug */ = {
			isa = XCBuildConfiguration;
			buildSettings = {
				ALWAYS_EMBED_SWIFT_STANDARD_LIBRARIES = YES;
				BUNDLE_LOADER = "$(TEST_HOST)";
				CODE_SIGN_STYLE = Automatic;
				DEVELOPMENT_TEAM = NPLWZ8759G;
				INFOPLIST_FILE = "Reese'sTests/Info.plist";
				LD_RUNPATH_SEARCH_PATHS = (
					"$(inherited)",
					"@executable_path/Frameworks",
					"@loader_path/Frameworks",
				);
				PRODUCT_BUNDLE_IDENTIFIER = "com.yinzhema.Reese-sTests";
				PRODUCT_NAME = "$(TARGET_NAME)";
				SWIFT_VERSION = 5.0;
				TARGETED_DEVICE_FAMILY = "1,2";
				TEST_HOST = "$(BUILT_PRODUCTS_DIR)/Reese's.app/Reese's";
			};
			name = Debug;
		};
		6B31CFEE2326FF7400C76E6B /* Release */ = {
			isa = XCBuildConfiguration;
			buildSettings = {
				ALWAYS_EMBED_SWIFT_STANDARD_LIBRARIES = YES;
				BUNDLE_LOADER = "$(TEST_HOST)";
				CODE_SIGN_STYLE = Automatic;
				DEVELOPMENT_TEAM = NPLWZ8759G;
				INFOPLIST_FILE = "Reese'sTests/Info.plist";
				LD_RUNPATH_SEARCH_PATHS = (
					"$(inherited)",
					"@executable_path/Frameworks",
					"@loader_path/Frameworks",
				);
				PRODUCT_BUNDLE_IDENTIFIER = "com.yinzhema.Reese-sTests";
				PRODUCT_NAME = "$(TARGET_NAME)";
				SWIFT_VERSION = 5.0;
				TARGETED_DEVICE_FAMILY = "1,2";
				TEST_HOST = "$(BUILT_PRODUCTS_DIR)/Reese's.app/Reese's";
			};
			name = Release;
		};
		6B31CFF02326FF7400C76E6B /* Debug */ = {
			isa = XCBuildConfiguration;
			buildSettings = {
				ALWAYS_EMBED_SWIFT_STANDARD_LIBRARIES = YES;
				CODE_SIGN_STYLE = Automatic;
				DEVELOPMENT_TEAM = NPLWZ8759G;
				INFOPLIST_FILE = "Reese'sUITests/Info.plist";
				LD_RUNPATH_SEARCH_PATHS = (
					"$(inherited)",
					"@executable_path/Frameworks",
					"@loader_path/Frameworks",
				);
				PRODUCT_BUNDLE_IDENTIFIER = "com.yinzhema.Reese-sUITests";
				PRODUCT_NAME = "$(TARGET_NAME)";
				SWIFT_VERSION = 5.0;
				TARGETED_DEVICE_FAMILY = "1,2";
				TEST_TARGET_NAME = "Reese's";
			};
			name = Debug;
		};
		6B31CFF12326FF7400C76E6B /* Release */ = {
			isa = XCBuildConfiguration;
			buildSettings = {
				ALWAYS_EMBED_SWIFT_STANDARD_LIBRARIES = YES;
				CODE_SIGN_STYLE = Automatic;
				DEVELOPMENT_TEAM = NPLWZ8759G;
				INFOPLIST_FILE = "Reese'sUITests/Info.plist";
				LD_RUNPATH_SEARCH_PATHS = (
					"$(inherited)",
					"@executable_path/Frameworks",
					"@loader_path/Frameworks",
				);
				PRODUCT_BUNDLE_IDENTIFIER = "com.yinzhema.Reese-sUITests";
				PRODUCT_NAME = "$(TARGET_NAME)";
				SWIFT_VERSION = 5.0;
				TARGETED_DEVICE_FAMILY = "1,2";
				TEST_TARGET_NAME = "Reese's";
			};
			name = Release;
		};
/* End XCBuildConfiguration section */

/* Begin XCConfigurationList section */
		6B31CFBC2326FF7200C76E6B /* Build configuration list for PBXProject "Reese's" */ = {
			isa = XCConfigurationList;
			buildConfigurations = (
				6B31CFE72326FF7400C76E6B /* Debug */,
				6B31CFE82326FF7400C76E6B /* Release */,
			);
			defaultConfigurationIsVisible = 0;
			defaultConfigurationName = Release;
		};
		6B31CFE92326FF7400C76E6B /* Build configuration list for PBXNativeTarget "Reese's" */ = {
			isa = XCConfigurationList;
			buildConfigurations = (
				6B31CFEA2326FF7400C76E6B /* Debug */,
				6B31CFEB2326FF7400C76E6B /* Release */,
			);
			defaultConfigurationIsVisible = 0;
			defaultConfigurationName = Release;
		};
		6B31CFEC2326FF7400C76E6B /* Build configuration list for PBXNativeTarget "Reese'sTests" */ = {
			isa = XCConfigurationList;
			buildConfigurations = (
				6B31CFED2326FF7400C76E6B /* Debug */,
				6B31CFEE2326FF7400C76E6B /* Release */,
			);
			defaultConfigurationIsVisible = 0;
			defaultConfigurationName = Release;
		};
		6B31CFEF2326FF7400C76E6B /* Build configuration list for PBXNativeTarget "Reese'sUITests" */ = {
			isa = XCConfigurationList;
			buildConfigurations = (
				6B31CFF02326FF7400C76E6B /* Debug */,
				6B31CFF12326FF7400C76E6B /* Release */,
			);
			defaultConfigurationIsVisible = 0;
			defaultConfigurationName = Release;
		};
/* End XCConfigurationList section */
	};
	rootObject = 6B31CFB92326FF7200C76E6B /* Project object */;
}
